
Microsoft Visual Studio Solution File, Format Version 12.00
# Visual Studio Version 17
VisualStudioVersion = 17.13.35507.96
MinimumVisualStudioVersion = 10.0.40219.1
Project("{8BC9CEB8-8B4A-11D0-8D11-00A0C91BC942}") = "ToyRobotConsole", "ToyRobotChallengeConsole\ToyRobotChallengeConsole.vcxproj", "{B249C7C1-C95A-43E8-BFAA-75E8EA4FAE1D}"
	ProjectSection(ProjectDependencies) = postProject
		{F68EAEF2-7F25-4467-87FD-15A26EEBA839} = {F68EAEF2-7F25-4467-87FD-15A26EEBA839}
	EndProjectSection
EndProject
Project("{8BC9CEB8-8B4A-11D0-8D11-00A0C91BC942}") = "ToyRobot", "ToyRobot\ToyRobot.vcxproj", "{F68EAEF2-7F25-4467-87FD-15A26EEBA839}"
EndProject
Project("{8BC9CEB8-8B4A-11D0-8D11-00A0C91BC942}") = "Tests", "Tests\Tests.vcxproj", "{325ECB3A-23DB-C347-4BB0-D4DBF98485C4}"
	ProjectSection(ProjectDependencies) = postProject
		{B249C7C1-C95A-43E8-BFAA-75E8EA4FAE1D} = {B249C7C1-C95A-43E8-BFAA-75E8EA4FAE1D}
		{F68EAEF2-7F25-4467-87FD-15A26EEBA839} = {F68EAEF2-7F25-4467-87FD-15A26EEBA839}
	EndProjectSection
EndProject
Project("{2150E333-8FDC-42A3-9474-1A3956D46DE8}") = "Solution Items", "Solution Items", "{8EC462FD-D22E-90A8-E5CE-7E832BA40C5D}"
	ProjectSection(SolutionItems) = preProject
		README.md = README.md
	EndProjectSection
EndProject
Global
	GlobalSection(SolutionConfigurationPlatforms) = preSolution
		Debug|x64 = Debug|x64
		Debug|x86 = Debug|x86
		Release|x64 = Release|x64
		Release|x86 = Release|x86
	EndGlobalSection
	GlobalSection(ProjectConfigurationPlatforms) = postSolution
		{B249C7C1-C95A-43E8-BFAA-75E8EA4FAE1D}.Debug|x64.ActiveCfg = Debug|x64
		{B249C7C1-C95A-43E8-BFAA-75E8EA4FAE1D}.Debug|x64.Build.0 = Debug|x64
		{B249C7C1-C95A-43E8-BFAA-75E8EA4FAE1D}.Debug|x86.ActiveCfg = Debug|Win32
		{B249C7C1-C95A-43E8-BFAA-75E8EA4FAE1D}.Debug|x86.Build.0 = Debug|Win32
		{B249C7C1-C95A-43E8-BFAA-75E8EA4FAE1D}.Release|x64.ActiveCfg = Release|x64
		{B249C7C1-C95A-43E8-BFAA-75E8EA4FAE1D}.Release|x64.Build.0 = Release|x64
		{B249C7C1-C95A-43E8-BFAA-75E8EA4FAE1D}.Release|x86.ActiveCfg = Release|Win32
		{B249C7C1-C95A-43E8-BFAA-75E8EA4FAE1D}.Release|x86.Build.0 = Release|Win32
		{F68EAEF2-7F25-4467-87FD-15A26EEBA839}.Debug|x64.ActiveCfg = Debug|x64
		{F68EAEF2-7F25-4467-87FD-15A26EEBA839}.Debug|x64.Build.0 = Debug|x64
		{F68EAEF2-7F25-4467-87FD-15A26EEBA839}.Debug|x86.ActiveCfg = Debug|Win32
		{F68EAEF2-7F25-4467-87FD-15A26EEBA839}.Debug|x86.Build.0 = Debug|Win32
		{F68EAEF2-7F25-4467-87FD-15A26EEBA839}.Release|x64.ActiveCfg = Release|x64
		{F68EAEF2-7F25-4467-87FD-15A26EEBA839}.Release|x64.Build.0 = Release|x64
		{F68EAEF2-7F25-4467-87FD-15A26EEBA839}.Release|x86.ActiveCfg = Release|Win32
		{F68EAEF2-7F25-4467-87FD-15A26EEBA839}.Release|x86.Build.0 = Release|Win32
		{325ECB3A-23DB-C347-4BB0-D4DBF98485C4}.Debug|x64.ActiveCfg = Debug|x64
		{325ECB3A-23DB-C347-4BB0-D4DBF98485C4}.Debug|x64.Build.0 = Debug|x64
		{325ECB3A-23DB-C347-4BB0-D4DBF98485C4}.Debug|x86.ActiveCfg = Debug|Win32
		{325ECB3A-23DB-C347-4BB0-D4DBF98485C4}.Debug|x86.Build.0 = Debug|Win32
		{325ECB3A-23DB-C347-4BB0-D4DBF98485C4}.Release|x64.ActiveCfg = Release|x64
		{325ECB3A-23DB-C347-4BB0-D4DBF98485C4}.Release|x64.Build.0 = Release|x64
		{325ECB3A-23DB-C347-4BB0-D4DBF98485C4}.Release|x86.ActiveCfg = Release|Win32
		{325ECB3A-23DB-C347-4BB0-D4DBF98485C4}.Release|x86.Build.0 = Release|Win32
	EndGlobalSection
	GlobalSection(SolutionProperties) = preSolution
		HideSolutionNode = FALSE
	EndGlobalSection
	GlobalSection(ExtensibilityGlobals) = postSolution
		SolutionGuid = {B247158E-59AF-42FB-B5C4-1B50FDCDD05F}
	EndGlobalSection
EndGlobal
